{
  "name": "alexa-lpr-demo",
  "version": "1.0.0",
  "lockfileVersion": 1,
  "requires": true,
  "dependencies": {
    "@types/node": {
      "version": "10.11.2",
      "resolved": "https://registry.npmjs.org/@types/node/-/node-10.11.2.tgz",
      "integrity": "sha512-XubfQDIg88PGJ7netQPf3QOKHF7Xht4WXGtg5W7cGBeQs9ETbYKwfchR9o+tRRA9iLTQ7nAre85M205JbYsjJA==",
      "dev": true
    },
    "typescript": {
      "version": "2.9.2",
      "resolved": "https://registry.npmjs.org/typescript/-/typescript-2.9.2.tgz",
      "integrity": "sha512-Gr4p6nFNaoufRIY4NMdpQRNmgxVIGMs4Fcu/ujdYk3nAZqk7supzBE9idmvfZIlH/Cuj//dvi+019qEue9lV0w==",
      "dev": true
    }
  }
}
