{
  "name": "alexa-lpr-demo",
  "requires": true,
  "lockfileVersion": 1,
  "dependencies": {
    "ask-sdk-core": {
      "version": "2.0.10",
      "resolved": "https://registry.npmjs.org/ask-sdk-core/-/ask-sdk-core-2.0.10.tgz",
      "integrity": "sha512-F3Sy7POfWV5sj1blRIwg9NCXePeN3jpYrlTEPOG69GqoJrn9foF4NwTmjA5DgyzYaXO62QKNY2mUAO5SkFWZWA=="
    },
    "ask-sdk-model": {
      "version": "1.6.0",
      "resolved": "https://registry.npmjs.org/ask-sdk-model/-/ask-sdk-model-1.6.0.tgz",
      "integrity": "sha512-M6y3+A+G0yRIlMB+3lQKXhly4abyphzSmVzWyMPgSk8/VoTFpzi5EdzfYFrewMzVPfNnwGP0pUimfMxZkazqCg=="
    },
    "node-fetch": {
      "version": "2.2.0",
      "resolved": "https://registry.npmjs.org/node-fetch/-/node-fetch-2.2.0.tgz",
      "integrity": "sha512-OayFWziIxiHY8bCUyLX6sTpDH8Jsbp4FfYd1j1f7vZyfgkcOnAyM4oQR16f8a0s7Gl/viMGRey8eScYk4V4EZA=="
    }
  }
}
